hash: 8c2d752dd331e0e85bb7f6aead67ae535190e900700c91c0d0f7e8bb015538b6
updated: 2020-01-15T18:20:33.881534711Z
imports:
- name: github.com/davecgh/go-spew
  version: 8991bc29aa16c548c550c7ff78260e27b9ab7c73
  subpackages:
  - spew
- name: github.com/emicklei/go-restful
  version: a7c079c43d515a53fa6df434d242a2f19b47033d
- name: github.com/evanphx/json-patch
  version: 5858425f75500d40c52783dce87d085a483ce135
- name: github.com/go-openapi/jsonpointer
  version: ed123515f087412cd7ef02e49b0b0a5e6a79a360
- name: github.com/go-openapi/jsonreference
  version: 1f9748e5f45ed77698a87f9f41ae6b35948d9bb8
- name: github.com/go-openapi/spec
  version: 772572fd19ebcc983369e53bfaed4bde2077fe0c
- name: github.com/go-openapi/swag
  version: 6a1eb9830f1c6b090dcd01cee6c3983604a2306f
- name: github.com/gogo/protobuf
  version: 65acae22fc9d1fe290b33faa2bd64cdc20a463a0
  subpackages:
  - proto
  - sortkeys
- name: github.com/golang/protobuf
  version: b5d812f8a3706043e23a9cd5babf2e5423744d30
  subpackages:
  - proto
  - ptypes
  - ptypes/any
  - ptypes/duration
  - ptypes/timestamp
- name: github.com/google/go-cmp
  version: 6f77996f0c42f7b84e5a2b252227263f93432e9b
  subpackages:
  - cmp
  - cmp/internal/diff
  - cmp/internal/flags
  - cmp/internal/function
  - cmp/internal/value
- name: github.com/google/gofuzz
  version: f140a6486e521aad38f5917de355cbf147cc0496
- name: github.com/googleapis/gnostic
  version: 0c5108395e2debce0d731cf0287ddf7242066aba
  subpackages:
  - OpenAPIv2
  - compiler
  - extensions
- name: github.com/hashicorp/golang-lru
  version: 7087cb70de9f7a8bc0a10c375cb0d2280a8edf9c
  subpackages:
  - simplelru
- name: github.com/imdario/mergo
  version: 1afb36080aec31e0d1528973ebe6721b191b0369
- name: github.com/json-iterator/go
  version: 27518f6661eba504be5a7a9a9f6d9460d892ade3
- name: github.com/modern-go/concurrent
  version: bacd9c7ef1dd9b15be4a9909b8ac7a4e313eec94
- name: github.com/modern-go/reflect2
  version: 94122c33edd36123c84d5368cfb2b69df93a0ec8
- name: github.com/spf13/pflag
  version: 298182f68c66c05229eb03ac171abe6e309ee79a
- name: golang.org/x/crypto
  version: e84da0312774c21d64ee2317962ef669b27ffb41
  subpackages:
  - ssh/terminal
- name: golang.org/x/net
  version: cdfb69ac37fc6fa907650654115ebebb3aae2087
  subpackages:
  - context
  - context/ctxhttp
  - http/httpguts
  - http2
  - http2/hpack
  - idna
- name: golang.org/x/oauth2
  version: 9f3314589c9a9136388751d9adae6b0ed400978a
  subpackages:
  - internal
- name: golang.org/x/sys
  version: 3b5209105503162ded1863c307ac66fec31120dd
  subpackages:
  - unix
  - windows
- name: golang.org/x/text
  version: e6919f6577db79269a6443b9dc46d18f2238fb5d
  subpackages:
  - secure/bidirule
  - transform
  - unicode/bidi
  - unicode/norm
- name: golang.org/x/time
  version: f51c12702a4d776e4c1fa9b0fabab841babae631
  subpackages:
  - rate
- name: golang.org/x/tools
  version: de0b1760071a7dbf351db0f2345566f3d2f4c7e1
  subpackages:
  - import
- name: google.golang.org/appengine
  version: 54a98f90d1c46b7731eb8fb305d2a321c30ef610
  subpackages:
  - internal
  - internal/base
  - internal/datastore
  - internal/log
  - internal/remote_api
  - internal/urlfetch
  - urlfetch
- name: gopkg.in/inf.v0
  version: 3887ee99ecf07df5b447e9b00d9c0b2adaa9f3e4
- name: gopkg.in/yaml.v2
  version: f221b8435cfb71e54062f6c6e99e9ade30b124d5
- name: k8s.io/api
  version: 16d7abae0d2a8ab2a6a7ad1bf3300eaacd541f56
  subpackages:
  - admissionregistration/v1
  - admissionregistration/v1beta1
  - apps/v1
  - apps/v1beta1
  - apps/v1beta2
  - auditregistration/v1alpha1
  - authentication/v1
  - authentication/v1beta1
  - authorization/v1
  - authorization/v1beta1
  - autoscaling/v1
  - autoscaling/v2beta1
  - autoscaling/v2beta2
  - batch/v1
  - batch/v1beta1
  - batch/v2alpha1
  - certificates/v1beta1
  - coordination/v1
  - coordination/v1beta1
  - core/v1
  - discovery/v1alpha1
  - events/v1beta1
  - extensions/v1beta1
  - networking/v1
  - networking/v1beta1
  - node/v1alpha1
  - node/v1beta1
  - policy/v1beta1
  - rbac/v1
  - rbac/v1alpha1
  - rbac/v1beta1
  - scheduling/v1
  - scheduling/v1alpha1
  - scheduling/v1beta1
  - settings/v1alpha1
  - storage/v1
  - storage/v1alpha1
  - storage/v1beta1
- name: k8s.io/apimachinery
  version: 72ed19daf4bb788ae595ae4103c404cb0fa09c84
  subpackages:
  - pkg/api/errors
  - pkg/api/meta
  - pkg/api/resource
  - pkg/apis/meta/internalversion
  - pkg/apis/meta/v1
  - pkg/apis/meta/v1/unstructured
  - pkg/apis/meta/v1beta1
  - pkg/conversion
  - pkg/conversion/queryparams
  - pkg/fields
  - pkg/labels
  - pkg/runtime
  - pkg/runtime/schema
  - pkg/runtime/serializer
  - pkg/runtime/serializer/json
  - pkg/runtime/serializer/protobuf
  - pkg/runtime/serializer/recognizer
  - pkg/runtime/serializer/streaming
  - pkg/runtime/serializer/versioning
  - pkg/selection
  - pkg/types
  - pkg/util/cache
  - pkg/util/clock
  - pkg/util/diff
  - pkg/util/errors
  - pkg/util/framer
  - pkg/util/intstr
  - pkg/util/json
  - pkg/util/mergepatch
  - pkg/util/naming
  - pkg/util/net
  - pkg/util/runtime
  - pkg/util/sets
  - pkg/util/strategicpatch
  - pkg/util/validation
  - pkg/util/validation/field
  - pkg/util/wait
  - pkg/util/yaml
  - pkg/version
  - pkg/watch
  - third_party/forked/golang/json
  - third_party/forked/golang/reflect
- name: k8s.io/apiserver
  version: 9ca1dc5866829af144ff306b7d13fbab2157a818
- name: k8s.io/client-go
  version: 6c5935290e3335b200f75d874a19be3093e9c36b
  subpackages:
  - discovery
  - discovery/fake
  - kubernetes/scheme
  - pkg/apis/clientauthentication
  - pkg/apis/clientauthentication/v1alpha1
  - pkg/apis/clientauthentication/v1beta1
  - pkg/version
  - plugin/pkg/client/auth/exec
  - rest
  - rest/watch
  - testing
  - tools/auth
  - tools/cache
  - tools/clientcmd
  - tools/clientcmd/api
  - tools/clientcmd/api/latest
  - tools/clientcmd/api/v1
  - tools/metrics
  - tools/pager
  - transport
  - util/cert
  - util/connrotation
  - util/flowcontrol
  - util/homedir
  - util/keyutil
  - util/retry
- name: k8s.io/code-generator
  version: 8e001e5d18949be7e823ccb9cfe9b60026e7bda0
- name: k8s.io/gengo
  version: 0689ccc1d7d65d9dd1bedcc3b0b1ed7df91ba266
- name: k8s.io/klog
  version: 2ca9ad30301bf30a8a6e0fa2110db6b8df699a91
- name: k8s.io/kube-openapi
  version: 743ec37842bffe49dd4221d9026f30fb1d5adbc4
  subpackages:
  - pkg/generators
  - pkg/util/proto
- name: k8s.io/utils
  version: 581e00157fb1a0435d4fac54a52d1ca1e481d60e
  subpackages:
  - buffer
  - integer
  - trace
- name: sigs.k8s.io/yaml
  version: fd68e9863619f6ec2fdd8625fe1f02e7c877e480
testImports: []
